// !$*UTF8*$!
{
	archiveVersion = 1;
	classes = {
	};
	objectVersion = 77;
	objects = {

/* Begin PBXBuildFile section */
		A00000000000000000000020 /* MahuApp.swift in Sources */ = {isa = PBXBuildFile; fileRef = A00000000000000000000001 /* MahuApp.swift */; };
		A00000000000000000000021 /* AppDelegate.swift in Sources */ = {isa = PBXBuildFile; fileRef = A00000000000000000000002 /* AppDelegate.swift */; };
		A00000000000000000000022 /* SmokeTests.swift in Sources */ = {isa = PBXBuildFile; fileRef = A00000000000000000000003 /* SmokeTests.swift */; };
		A00000000000000000000023 /* XCTest.framework in Frameworks */ = {isa = PBXBuildFile; fileRef = A00000000000000000000004 /* XCTest.framework */; };
		A00000000000000000000024 /* AppConfig.swift in Sources */ = {isa = PBXBuildFile; fileRef = A00000000000000000000008 /* AppConfig.swift */; };
		A00000000000000000000025 /* ConfigStore.swift in Sources */ = {isa = PBXBuildFile; fileRef = A00000000000000000000009 /* ConfigStore.swift */; };
		A00000000000000000000026 /* ConfigStoreTests.swift in Sources */ = {isa = PBXBuildFile; fileRef = A0000000000000000000000A /* ConfigStoreTests.swift */; };
		A00000000000000000000027 /* BreakTimer.swift in Sources */ = {isa = PBXBuildFile; fileRef = A0000000000000000000000B /* BreakTimer.swift */; };
		A00000000000000000000028 /* BreakTimerTests.swift in Sources */ = {isa = PBXBuildFile; fileRef = A0000000000000000000000C /* BreakTimerTests.swift */; };
		A00000000000000000000029 /* AppCoordinator.swift in Sources */ = {isa = PBXBuildFile; fileRef = A0000000000000000000000D /* AppCoordinator.swift */; };
		A0000000000000000000002A /* StatusItemController.swift in Sources */ = {isa = PBXBuildFile; fileRef = A0000000000000000000000E /* StatusItemController.swift */; };
		A0000000000000000000002B /* AppCoordinatorTests.swift in Sources */ = {isa = PBXBuildFile; fileRef = A0000000000000000000000F /* AppCoordinatorTests.swift */; };
		A0000000000000000000002C /* BreakOverlayView.swift in Sources */ = {isa = PBXBuildFile; fileRef = A00000000000000000000012 /* BreakOverlayView.swift */; };
		A0000000000000000000002D /* BreakOverlayManager.swift in Sources */ = {isa = PBXBuildFile; fileRef = A00000000000000000000013 /* BreakOverlayManager.swift */; };
		A0000000000000000000002E /* BreakOverlayManagerTests.swift in Sources */ = {isa = PBXBuildFile; fileRef = A00000000000000000000014 /* BreakOverlayManagerTests.swift */; };
		A0000000000000000000002F /* StatusItemControllerTests.swift in Sources */ = {isa = PBXBuildFile; fileRef = A00000000000000000000015 /* StatusItemControllerTests.swift */; };
		A00000000000000000000032 /* AppCoordinatorTestSupport.swift in Sources */ = {isa = PBXBuildFile; fileRef = A00000000000000000000016 /* AppCoordinatorTestSupport.swift */; };
		A00000000000000000000033 /* BreakOverlayTestSupport.swift in Sources */ = {isa = PBXBuildFile; fileRef = A00000000000000000000017 /* BreakOverlayTestSupport.swift */; };
			A00000000000000000000034 /* BreakOverlayFocusRetentionTests.swift in Sources */ = {isa = PBXBuildFile; fileRef = A00000000000000000000018 /* BreakOverlayFocusRetentionTests.swift */; };
			A00000000000000000000035 /* BreakOverlayViewTests.swift in Sources */ = {isa = PBXBuildFile; fileRef = A00000000000000000000019 /* BreakOverlayViewTests.swift */; };
			A00000000000000000000036 /* background.png in Resources */ = {isa = PBXBuildFile; fileRef = A0000000000000000000001A /* background.png */; };
			A00000000000000000000037 /* LiveBreakFocusObservationRegistrarTests.swift in Sources */ = {isa = PBXBuildFile; fileRef = A0000000000000000000001B /* LiveBreakFocusObservationRegistrarTests.swift */; };
			A00000000000000000000038 /* AppCoordinatorBreakPresentationTests.swift in Sources */ = {isa = PBXBuildFile; fileRef = A0000000000000000000001C /* AppCoordinatorBreakPresentationTests.swift */; };
			A00000000000000000000039 /* BreakScreenObservation.swift in Sources */ = {isa = PBXBuildFile; fileRef = A0000000000000000000001D /* BreakScreenObservation.swift */; };
			A0000000000000000000003A /* LiveBreakScreenObservationRegistrarTests.swift in Sources */ = {isa = PBXBuildFile; fileRef = A0000000000000000000001E /* LiveBreakScreenObservationRegistrarTests.swift */; };
			A0000000000000000000003B /* BreakOverlaySupport.swift in Sources */ = {isa = PBXBuildFile; fileRef = A0000000000000000000001F /* BreakOverlaySupport.swift */; };
			A0000000000000000000003C /* Assets.xcassets in Resources */ = {isa = PBXBuildFile; fileRef = A00000000000000000000046 /* Assets.xcassets */; };
			A0000000000000000000003D /* PrivacyInfo.xcprivacy in Resources */ = {isa = PBXBuildFile; fileRef = A00000000000000000000047 /* PrivacyInfo.xcprivacy */; };
			A00000000000000000000049 /* BreakOverlayDisplayVisibilityTests.swift in Sources */ = {isa = PBXBuildFile; fileRef = A00000000000000000000048 /* BreakOverlayDisplayVisibilityTests.swift */; };
			A0000000000000000000004A /* TrayIconAssetTests.swift in Sources */ = {isa = PBXBuildFile; fileRef = A0000000000000000000004B /* TrayIconAssetTests.swift */; };
			A0000000000000000000004D /* AppCoordinatorReminderPauseTests.swift in Sources */ = {isa = PBXBuildFile; fileRef = A0000000000000000000004C /* AppCoordinatorReminderPauseTests.swift */; };
			A0000000000000000000004F /* StatusItemMenuAcceptanceTests.swift in Sources */ = {isa = PBXBuildFile; fileRef = A0000000000000000000004E /* StatusItemMenuAcceptanceTests.swift */; };
			A00000000000000000000053 /* break-completion.caf in Resources */ = {isa = PBXBuildFile; fileRef = A00000000000000000000054 /* break-completion.caf */; };
			A00000000000000000000055 /* BreakCompletionSoundPlayer.swift in Sources */ = {isa = PBXBuildFile; fileRef = A00000000000000000000056 /* BreakCompletionSoundPlayer.swift */; };
			A00000000000000000000057 /* BreakCompletionSoundPlayerTests.swift in Sources */ = {isa = PBXBuildFile; fileRef = A00000000000000000000058 /* BreakCompletionSoundPlayerTests.swift */; };
			A00000000000000000000059 /* AppCoordinatorBreakSoundTests.swift in Sources */ = {isa = PBXBuildFile; fileRef = A0000000000000000000005A /* AppCoordinatorBreakSoundTests.swift */; };
			A0000000000000000000005C /* AppCoordinatorSupport.swift in Sources */ = {isa = PBXBuildFile; fileRef = A0000000000000000000005B /* AppCoordinatorSupport.swift */; };
			A0000000000000000000005D /* ConfigStoreSizeLimitTests.swift in Sources */ = {isa = PBXBuildFile; fileRef = A0000000000000000000005E /* ConfigStoreSizeLimitTests.swift */; };
			A00000000000000000000092 /* ConfigStoreStatusItemTimerTests.swift in Sources */ = {isa = PBXBuildFile; fileRef = A00000000000000000000093 /* ConfigStoreStatusItemTimerTests.swift */; };
			A00000000000000000000094 /* StatusDisplayFormatter.swift in Sources */ = {isa = PBXBuildFile; fileRef = A00000000000000000000095 /* StatusDisplayFormatter.swift */; };
			A00000000000000000000096 /* StatusDisplayFormatterTests.swift in Sources */ = {isa = PBXBuildFile; fileRef = A00000000000000000000097 /* StatusDisplayFormatterTests.swift */; };
			A00000000000000000000099 /* StatusItemTimerDisplayTests.swift in Sources */ = {isa = PBXBuildFile; fileRef = A00000000000000000000098 /* StatusItemTimerDisplayTests.swift */; };
			A0000000000000000000009B /* AppCoordinatorStatusItemDisplayTests.swift in Sources */ = {isa = PBXBuildFile; fileRef = A0000000000000000000009A /* AppCoordinatorStatusItemDisplayTests.swift */; };
			A0000000000000000000009D /* AppCoordinatorStatusItemPauseResumeTests.swift in Sources */ = {isa = PBXBuildFile; fileRef = A0000000000000000000009C /* AppCoordinatorStatusItemPauseResumeTests.swift */; };
			A0000000000000000000009F /* ConfigStorePersistenceTests.swift in Sources */ = {isa = PBXBuildFile; fileRef = A0000000000000000000009E /* ConfigStorePersistenceTests.swift */; };
			A000000000000000000000A1 /* AppCoordinatorRuntimeSettingsTests.swift in Sources */ = {isa = PBXBuildFile; fileRef = A000000000000000000000A0 /* AppCoordinatorRuntimeSettingsTests.swift */; };
			A000000000000000000000A2 /* AppCoordinatorRuntimeSettingsRegressionTests.swift in Sources */ = {isa = PBXBuildFile; fileRef = A000000000000000000000A3 /* AppCoordinatorRuntimeSettingsRegressionTests.swift */; };
			A000000000000000000000A5 /* RuntimeSettingsStoreTests.swift in Sources */ = {isa = PBXBuildFile; fileRef = A000000000000000000000A4 /* RuntimeSettingsStoreTests.swift */; };
			A000000000000000000000A7 /* SleepWakeObservation.swift in Sources */ = {isa = PBXBuildFile; fileRef = A000000000000000000000A6 /* SleepWakeObservation.swift */; };
			A000000000000000000000A9 /* FakeSleepWakeObserverRegistrarTests.swift in Sources */ = {isa = PBXBuildFile; fileRef = A000000000000000000000A8 /* FakeSleepWakeObserverRegistrarTests.swift */; };
			A000000000000000000000AB /* LiveSleepWakeObservationRegistrarTests.swift in Sources */ = {isa = PBXBuildFile; fileRef = A000000000000000000000AA /* LiveSleepWakeObservationRegistrarTests.swift */; };
			A000000000000000000000AD /* AppCoordinatorSleepWakeAccountingTests.swift in Sources */ = {isa = PBXBuildFile; fileRef = A000000000000000000000AC /* AppCoordinatorSleepWakeAccountingTests.swift */; };
			A000000000000000000000AE /* AppCoordinatorSleepWakeRuntimeSettingsRegressionTests.swift in Sources */ = {isa = PBXBuildFile; fileRef = A000000000000000000000AF /* AppCoordinatorSleepWakeRuntimeSettingsRegressionTests.swift */; };
			A000000000000000000000B1 /* LaunchAtLoginSettingsStore.swift in Sources */ = {isa = PBXBuildFile; fileRef = A000000000000000000000B0 /* LaunchAtLoginSettingsStore.swift */; };
			A000000000000000000000B3 /* LaunchAtLoginSettingsStoreTests.swift in Sources */ = {isa = PBXBuildFile; fileRef = A000000000000000000000B2 /* LaunchAtLoginSettingsStoreTests.swift */; };
			A000000000000000000000B5 /* LaunchAtLoginController.swift in Sources */ = {isa = PBXBuildFile; fileRef = A000000000000000000000B4 /* LaunchAtLoginController.swift */; };
			A000000000000000000000B7 /* LaunchAtLoginControllerTests.swift in Sources */ = {isa = PBXBuildFile; fileRef = A000000000000000000000B6 /* LaunchAtLoginControllerTests.swift */; };
			A000000000000000000000B9 /* AppCoordinatorLaunchAtLoginRuntimeSettingsTests.swift in Sources */ = {isa = PBXBuildFile; fileRef = A000000000000000000000B8 /* AppCoordinatorLaunchAtLoginRuntimeSettingsTests.swift */; };
			A000000000000000000000BA /* ConfigStoreJSONCTests.swift in Sources */ = {isa = PBXBuildFile; fileRef = A000000000000000000000BB /* ConfigStoreJSONCTests.swift */; };
			A000000000000000000000BC /* ConfigJSONPreprocessor.swift in Sources */ = {isa = PBXBuildFile; fileRef = A000000000000000000000BD /* ConfigJSONPreprocessor.swift */; };
			A000000000000000000000BE /* ConfigStoreJSONCEdgeCaseTests.swift in Sources */ = {isa = PBXBuildFile; fileRef = A000000000000000000000BF /* ConfigStoreJSONCEdgeCaseTests.swift */; };
			A000000000000000000000C0 /* StatusItemTimerAnchorTests.swift in Sources */ = {isa = PBXBuildFile; fileRef = A000000000000000000000C1 /* StatusItemTimerAnchorTests.swift */; };
			A000000000000000000000C2 /* StatusItemBehaviorRegressionTests.swift in Sources */ = {isa = PBXBuildFile; fileRef = A000000000000000000000C3 /* StatusItemBehaviorRegressionTests.swift */; };
			A000000000000000000000C4 /* AppCoordinatorStatusItemRuntimeResetTests.swift in Sources */ = {isa = PBXBuildFile; fileRef = A000000000000000000000C5 /* AppCoordinatorStatusItemRuntimeResetTests.swift */; };
			A000000000000000000000C6 /* AppCoordinatorStatusItemRuntimeVisibilityResetTests.swift in Sources */ = {isa = PBXBuildFile; fileRef = A000000000000000000000C7 /* AppCoordinatorStatusItemRuntimeVisibilityResetTests.swift */; };
			A000000000000000000000C8 /* UserIdleTimeProvider.swift in Sources */ = {isa = PBXBuildFile; fileRef = A000000000000000000000C9 /* UserIdleTimeProvider.swift */; };
			A000000000000000000000CA /* UserIdleTimeProviderTests.swift in Sources */ = {isa = PBXBuildFile; fileRef = A000000000000000000000CB /* UserIdleTimeProviderTests.swift */; };
			A000000000000000000000CC /* IdleAwayReconciliationPolicy.swift in Sources */ = {isa = PBXBuildFile; fileRef = A000000000000000000000CD /* IdleAwayReconciliationPolicy.swift */; };
			A000000000000000000000CE /* IdleAwayReconciliationPolicyTests.swift in Sources */ = {isa = PBXBuildFile; fileRef = A000000000000000000000CF /* IdleAwayReconciliationPolicyTests.swift */; };
			A000000000000000000000D0 /* AppCoordinatorIdleAwayPhaseBehaviorTests.swift in Sources */ = {isa = PBXBuildFile; fileRef = A000000000000000000000D1 /* AppCoordinatorIdleAwayPhaseBehaviorTests.swift */; };
			A000000000000000000000D2 /* AppCoordinatorStatusItemRecoveryBaselineTests.swift in Sources */ = {isa = PBXBuildFile; fileRef = A000000000000000000000D3 /* AppCoordinatorStatusItemRecoveryBaselineTests.swift */; };
			A000000000000000000000D4 /* AppCoordinatorIdleAwayResetTests.swift in Sources */ = {isa = PBXBuildFile; fileRef = A000000000000000000000D5 /* AppCoordinatorIdleAwayResetTests.swift */; };
			A000000000000000000000D6 /* ConfigStoreIdleAwaySettingsTests.swift in Sources */ = {isa = PBXBuildFile; fileRef = A000000000000000000000D7 /* ConfigStoreIdleAwaySettingsTests.swift */; };
/* End PBXBuildFile section */

/* Begin PBXContainerItemProxy section */
		A00000000000000000000090 /* PBXContainerItemProxy */ = {
			isa = PBXContainerItemProxy;
			containerPortal = A00000000000000000000070 /* Project object */;
			proxyType = 1;
			remoteGlobalIDString = A00000000000000000000010;
			remoteInfo = Mahu;
		};
/* End PBXContainerItemProxy section */

/* Begin PBXFileReference section */
		A00000000000000000000001 /* MahuApp.swift */ = {isa = PBXFileReference; lastKnownFileType = sourcecode.swift; path = MahuApp.swift; sourceTree = "<group>"; };
		A00000000000000000000002 /* AppDelegate.swift */ = {isa = PBXFileReference; lastKnownFileType = sourcecode.swift; path = AppDelegate.swift; sourceTree = "<group>"; };
		A00000000000000000000003 /* SmokeTests.swift */ = {isa = PBXFileReference; lastKnownFileType = sourcecode.swift; path = SmokeTests.swift; sourceTree = "<group>"; };
		A00000000000000000000004 /* XCTest.framework */ = {isa = PBXFileReference; lastKnownFileType = wrapper.framework; name = XCTest.framework; path = Platforms/MacOSX.platform/Developer/Library/Frameworks/XCTest.framework; sourceTree = DEVELOPER_DIR; };
		A00000000000000000000005 /* Info.plist */ = {isa = PBXFileReference; lastKnownFileType = text.plist.xml; path = Info.plist; sourceTree = "<group>"; };
		A00000000000000000000006 /* Mahu.app */ = {isa = PBXFileReference; explicitFileType = wrapper.application; includeInIndex = 0; path = Mahu.app; sourceTree = BUILT_PRODUCTS_DIR; };
		A00000000000000000000007 /* MahuTests.xctest */ = {isa = PBXFileReference; explicitFileType = wrapper.cfbundle; includeInIndex = 0; path = MahuTests.xctest; sourceTree = BUILT_PRODUCTS_DIR; };
		A00000000000000000000008 /* AppConfig.swift */ = {isa = PBXFileReference; lastKnownFileType = sourcecode.swift; path = AppConfig.swift; sourceTree = "<group>"; };
		A00000000000000000000009 /* ConfigStore.swift */ = {isa = PBXFileReference; lastKnownFileType = sourcecode.swift; path = ConfigStore.swift; sourceTree = "<group>"; };
		A0000000000000000000000A /* ConfigStoreTests.swift */ = {isa = PBXFileReference; lastKnownFileType = sourcecode.swift; path = ConfigStoreTests.swift; sourceTree = "<group>"; };
		A0000000000000000000000B /* BreakTimer.swift */ = {isa = PBXFileReference; lastKnownFileType = sourcecode.swift; path = BreakTimer.swift; sourceTree = "<group>"; };
		A0000000000000000000000C /* BreakTimerTests.swift */ = {isa = PBXFileReference; lastKnownFileType = sourcecode.swift; path = BreakTimerTests.swift; sourceTree = "<group>"; };
		A0000000000000000000000D /* AppCoordinator.swift */ = {isa = PBXFileReference; lastKnownFileType = sourcecode.swift; path = AppCoordinator.swift; sourceTree = "<group>"; };
		A0000000000000000000000E /* StatusItemController.swift */ = {isa = PBXFileReference; lastKnownFileType = sourcecode.swift; path = StatusItemController.swift; sourceTree = "<group>"; };
		A0000000000000000000000F /* AppCoordinatorTests.swift */ = {isa = PBXFileReference; lastKnownFileType = sourcecode.swift; path = AppCoordinatorTests.swift; sourceTree = "<group>"; };
		A00000000000000000000012 /* BreakOverlayView.swift */ = {isa = PBXFileReference; lastKnownFileType = sourcecode.swift; path = BreakOverlayView.swift; sourceTree = "<group>"; };
		A00000000000000000000013 /* BreakOverlayManager.swift */ = {isa = PBXFileReference; lastKnownFileType = sourcecode.swift; path = BreakOverlayManager.swift; sourceTree = "<group>"; };
		A00000000000000000000014 /* BreakOverlayManagerTests.swift */ = {isa = PBXFileReference; lastKnownFileType = sourcecode.swift; path = BreakOverlayManagerTests.swift; sourceTree = "<group>"; };
		A00000000000000000000015 /* StatusItemControllerTests.swift */ = {isa = PBXFileReference; lastKnownFileType = sourcecode.swift; path = StatusItemControllerTests.swift; sourceTree = "<group>"; };
		A00000000000000000000016 /* AppCoordinatorTestSupport.swift */ = {isa = PBXFileReference; lastKnownFileType = sourcecode.swift; path = AppCoordinatorTestSupport.swift; sourceTree = "<group>"; };
		A00000000000000000000017 /* BreakOverlayTestSupport.swift */ = {isa = PBXFileReference; lastKnownFileType = sourcecode.swift; path = BreakOverlayTestSupport.swift; sourceTree = "<group>"; };
			A00000000000000000000018 /* BreakOverlayFocusRetentionTests.swift */ = {isa = PBXFileReference; lastKnownFileType = sourcecode.swift; path = BreakOverlayFocusRetentionTests.swift; sourceTree = "<group>"; };
			A00000000000000000000019 /* BreakOverlayViewTests.swift */ = {isa = PBXFileReference; lastKnownFileType = sourcecode.swift; path = BreakOverlayViewTests.swift; sourceTree = "<group>"; };
			A0000000000000000000001A /* background.png */ = {isa = PBXFileReference; lastKnownFileType = image.png; path = background.png; sourceTree = "<group>"; };
			A0000000000000000000001B /* LiveBreakFocusObservationRegistrarTests.swift */ = {isa = PBXFileReference; lastKnownFileType = sourcecode.swift; path = LiveBreakFocusObservationRegistrarTests.swift; sourceTree = "<group>"; };
			A0000000000000000000001C /* AppCoordinatorBreakPresentationTests.swift */ = {isa = PBXFileReference; lastKnownFileType = sourcecode.swift; path = AppCoordinatorBreakPresentationTests.swift; sourceTree = "<group>"; };
			A0000000000000000000001D /* BreakScreenObservation.swift */ = {isa = PBXFileReference; lastKnownFileType = sourcecode.swift; path = BreakScreenObservation.swift; sourceTree = "<group>"; };
			A0000000000000000000001E /* LiveBreakScreenObservationRegistrarTests.swift */ = {isa = PBXFileReference; lastKnownFileType = sourcecode.swift; path = LiveBreakScreenObservationRegistrarTests.swift; sourceTree = "<group>"; };
			A0000000000000000000001F /* BreakOverlaySupport.swift */ = {isa = PBXFileReference; lastKnownFileType = sourcecode.swift; path = BreakOverlaySupport.swift; sourceTree = "<group>"; };
			A00000000000000000000046 /* Assets.xcassets */ = {isa = PBXFileReference; lastKnownFileType = folder.assetcatalog; path = Assets.xcassets; sourceTree = "<group>"; };
			A00000000000000000000047 /* PrivacyInfo.xcprivacy */ = {isa = PBXFileReference; lastKnownFileType = text.plist.xml; path = PrivacyInfo.xcprivacy; sourceTree = "<group>"; };
			A00000000000000000000048 /* BreakOverlayDisplayVisibilityTests.swift */ = {isa = PBXFileReference; lastKnownFileType = sourcecode.swift; path = BreakOverlayDisplayVisibilityTests.swift; sourceTree = "<group>"; };
			A0000000000000000000004B /* TrayIconAssetTests.swift */ = {isa = PBXFileReference; lastKnownFileType = sourcecode.swift; path = TrayIconAssetTests.swift; sourceTree = "<group>"; };
			A0000000000000000000004C /* AppCoordinatorReminderPauseTests.swift */ = {isa = PBXFileReference; lastKnownFileType = sourcecode.swift; path = AppCoordinatorReminderPauseTests.swift; sourceTree = "<group>"; };
			A0000000000000000000004E /* StatusItemMenuAcceptanceTests.swift */ = {isa = PBXFileReference; lastKnownFileType = sourcecode.swift; path = StatusItemMenuAcceptanceTests.swift; sourceTree = "<group>"; };
			A00000000000000000000054 /* break-completion.caf */ = {isa = PBXFileReference; lastKnownFileType = audio.caf; path = "break-completion.caf"; sourceTree = "<group>"; };
			A00000000000000000000056 /* BreakCompletionSoundPlayer.swift */ = {isa = PBXFileReference; lastKnownFileType = sourcecode.swift; path = BreakCompletionSoundPlayer.swift; sourceTree = "<group>"; };
			A00000000000000000000058 /* BreakCompletionSoundPlayerTests.swift */ = {isa = PBXFileReference; lastKnownFileType = sourcecode.swift; path = BreakCompletionSoundPlayerTests.swift; sourceTree = "<group>"; };
			A0000000000000000000005A /* AppCoordinatorBreakSoundTests.swift */ = {isa = PBXFileReference; lastKnownFileType = sourcecode.swift; path = AppCoordinatorBreakSoundTests.swift; sourceTree = "<group>"; };
			A0000000000000000000005B /* AppCoordinatorSupport.swift */ = {isa = PBXFileReference; lastKnownFileType = sourcecode.swift; path = AppCoordinatorSupport.swift; sourceTree = "<group>"; };
			A0000000000000000000005E /* ConfigStoreSizeLimitTests.swift */ = {isa = PBXFileReference; lastKnownFileType = sourcecode.swift; path = ConfigStoreSizeLimitTests.swift; sourceTree = "<group>"; };
			A00000000000000000000093 /* ConfigStoreStatusItemTimerTests.swift */ = {isa = PBXFileReference; lastKnownFileType = sourcecode.swift; path = ConfigStoreStatusItemTimerTests.swift; sourceTree = "<group>"; };
			A00000000000000000000095 /* StatusDisplayFormatter.swift */ = {isa = PBXFileReference; lastKnownFileType = sourcecode.swift; path = StatusDisplayFormatter.swift; sourceTree = "<group>"; };
			A00000000000000000000097 /* StatusDisplayFormatterTests.swift */ = {isa = PBXFileReference; lastKnownFileType = sourcecode.swift; path = StatusDisplayFormatterTests.swift; sourceTree = "<group>"; };
			A00000000000000000000098 /* StatusItemTimerDisplayTests.swift */ = {isa = PBXFileReference; lastKnownFileType = sourcecode.swift; path = StatusItemTimerDisplayTests.swift; sourceTree = "<group>"; };
			A0000000000000000000009A /* AppCoordinatorStatusItemDisplayTests.swift */ = {isa = PBXFileReference; lastKnownFileType = sourcecode.swift; path = AppCoordinatorStatusItemDisplayTests.swift; sourceTree = "<group>"; };
			A0000000000000000000009C /* AppCoordinatorStatusItemPauseResumeTests.swift */ = {isa = PBXFileReference; lastKnownFileType = sourcecode.swift; path = AppCoordinatorStatusItemPauseResumeTests.swift; sourceTree = "<group>"; };
			A0000000000000000000009E /* ConfigStorePersistenceTests.swift */ = {isa = PBXFileReference; lastKnownFileType = sourcecode.swift; path = ConfigStorePersistenceTests.swift; sourceTree = "<group>"; };
			A000000000000000000000A0 /* AppCoordinatorRuntimeSettingsTests.swift */ = {isa = PBXFileReference; lastKnownFileType = sourcecode.swift; path = AppCoordinatorRuntimeSettingsTests.swift; sourceTree = "<group>"; };
			A000000000000000000000A3 /* AppCoordinatorRuntimeSettingsRegressionTests.swift */ = {isa = PBXFileReference; lastKnownFileType = sourcecode.swift; path = AppCoordinatorRuntimeSettingsRegressionTests.swift; sourceTree = "<group>"; };
			A000000000000000000000A4 /* RuntimeSettingsStoreTests.swift */ = {isa = PBXFileReference; lastKnownFileType = sourcecode.swift; path = RuntimeSettingsStoreTests.swift; sourceTree = "<group>"; };
			A000000000000000000000A6 /* SleepWakeObservation.swift */ = {isa = PBXFileReference; lastKnownFileType = sourcecode.swift; path = SleepWakeObservation.swift; sourceTree = "<group>"; };
			A000000000000000000000A8 /* FakeSleepWakeObserverRegistrarTests.swift */ = {isa = PBXFileReference; lastKnownFileType = sourcecode.swift; path = FakeSleepWakeObserverRegistrarTests.swift; sourceTree = "<group>"; };
			A000000000000000000000AA /* LiveSleepWakeObservationRegistrarTests.swift */ = {isa = PBXFileReference; lastKnownFileType = sourcecode.swift; path = LiveSleepWakeObservationRegistrarTests.swift; sourceTree = "<group>"; };
			A000000000000000000000AC /* AppCoordinatorSleepWakeAccountingTests.swift */ = {isa = PBXFileReference; lastKnownFileType = sourcecode.swift; path = AppCoordinatorSleepWakeAccountingTests.swift; sourceTree = "<group>"; };
			A000000000000000000000AF /* AppCoordinatorSleepWakeRuntimeSettingsRegressionTests.swift */ = {isa = PBXFileReference; lastKnownFileType = sourcecode.swift; path = AppCoordinatorSleepWakeRuntimeSettingsRegressionTests.swift; sourceTree = "<group>"; };
			A000000000000000000000B0 /* LaunchAtLoginSettingsStore.swift */ = {isa = PBXFileReference; lastKnownFileType = sourcecode.swift; path = LaunchAtLoginSettingsStore.swift; sourceTree = "<group>"; };
			A000000000000000000000B2 /* LaunchAtLoginSettingsStoreTests.swift */ = {isa = PBXFileReference; lastKnownFileType = sourcecode.swift; path = LaunchAtLoginSettingsStoreTests.swift; sourceTree = "<group>"; };
			A000000000000000000000B4 /* LaunchAtLoginController.swift */ = {isa = PBXFileReference; lastKnownFileType = sourcecode.swift; path = LaunchAtLoginController.swift; sourceTree = "<group>"; };
			A000000000000000000000B6 /* LaunchAtLoginControllerTests.swift */ = {isa = PBXFileReference; lastKnownFileType = sourcecode.swift; path = LaunchAtLoginControllerTests.swift; sourceTree = "<group>"; };
			A000000000000000000000B8 /* AppCoordinatorLaunchAtLoginRuntimeSettingsTests.swift */ = {isa = PBXFileReference; lastKnownFileType = sourcecode.swift; path = AppCoordinatorLaunchAtLoginRuntimeSettingsTests.swift; sourceTree = "<group>"; };
			A000000000000000000000BB /* ConfigStoreJSONCTests.swift */ = {isa = PBXFileReference; lastKnownFileType = sourcecode.swift; path = ConfigStoreJSONCTests.swift; sourceTree = "<group>"; };
			A000000000000000000000BD /* ConfigJSONPreprocessor.swift */ = {isa = PBXFileReference; lastKnownFileType = sourcecode.swift; path = ConfigJSONPreprocessor.swift; sourceTree = "<group>"; };
			A000000000000000000000BF /* ConfigStoreJSONCEdgeCaseTests.swift */ = {isa = PBXFileReference; lastKnownFileType = sourcecode.swift; path = ConfigStoreJSONCEdgeCaseTests.swift; sourceTree = "<group>"; };
			A000000000000000000000C1 /* StatusItemTimerAnchorTests.swift */ = {isa = PBXFileReference; lastKnownFileType = sourcecode.swift; path = StatusItemTimerAnchorTests.swift; sourceTree = "<group>"; };
			A000000000000000000000C3 /* StatusItemBehaviorRegressionTests.swift */ = {isa = PBXFileReference; lastKnownFileType = sourcecode.swift; path = StatusItemBehaviorRegressionTests.swift; sourceTree = "<group>"; };
			A000000000000000000000C5 /* AppCoordinatorStatusItemRuntimeResetTests.swift */ = {isa = PBXFileReference; lastKnownFileType = sourcecode.swift; path = AppCoordinatorStatusItemRuntimeResetTests.swift; sourceTree = "<group>"; };
			A000000000000000000000C7 /* AppCoordinatorStatusItemRuntimeVisibilityResetTests.swift */ = {isa = PBXFileReference; lastKnownFileType = sourcecode.swift; path = AppCoordinatorStatusItemRuntimeVisibilityResetTests.swift; sourceTree = "<group>"; };
			A000000000000000000000C9 /* UserIdleTimeProvider.swift */ = {isa = PBXFileReference; lastKnownFileType = sourcecode.swift; path = UserIdleTimeProvider.swift; sourceTree = "<group>"; };
			A000000000000000000000CB /* UserIdleTimeProviderTests.swift */ = {isa = PBXFileReference; lastKnownFileType = sourcecode.swift; path = UserIdleTimeProviderTests.swift; sourceTree = "<group>"; };
			A000000000000000000000CD /* IdleAwayReconciliationPolicy.swift */ = {isa = PBXFileReference; lastKnownFileType = sourcecode.swift; path = IdleAwayReconciliationPolicy.swift; sourceTree = "<group>"; };
			A000000000000000000000CF /* IdleAwayReconciliationPolicyTests.swift */ = {isa = PBXFileReference; lastKnownFileType = sourcecode.swift; path = IdleAwayReconciliationPolicyTests.swift; sourceTree = "<group>"; };
			A000000000000000000000D1 /* AppCoordinatorIdleAwayPhaseBehaviorTests.swift */ = {isa = PBXFileReference; lastKnownFileType = sourcecode.swift; path = AppCoordinatorIdleAwayPhaseBehaviorTests.swift; sourceTree = "<group>"; };
			A000000000000000000000D3 /* AppCoordinatorStatusItemRecoveryBaselineTests.swift */ = {isa = PBXFileReference; lastKnownFileType = sourcecode.swift; path = AppCoordinatorStatusItemRecoveryBaselineTests.swift; sourceTree = "<group>"; };
			A000000000000000000000D5 /* AppCoordinatorIdleAwayResetTests.swift */ = {isa = PBXFileReference; lastKnownFileType = sourcecode.swift; path = AppCoordinatorIdleAwayResetTests.swift; sourceTree = "<group>"; };
			A000000000000000000000D7 /* ConfigStoreIdleAwaySettingsTests.swift */ = {isa = PBXFileReference; lastKnownFileType = sourcecode.swift; path = ConfigStoreIdleAwaySettingsTests.swift; sourceTree = "<group>"; };
/* End PBXFileReference section */

/* Begin PBXFrameworksBuildPhase section */
		A00000000000000000000030 /* Frameworks */ = {
			isa = PBXFrameworksBuildPhase;
			buildActionMask = 2147483647;
			files = (
			);
			runOnlyForDeploymentPostprocessing = 0;
		};
		A00000000000000000000031 /* Frameworks */ = {
			isa = PBXFrameworksBuildPhase;
			buildActionMask = 2147483647;
			files = (
				A00000000000000000000023 /* XCTest.framework in Frameworks */,
			);
			runOnlyForDeploymentPostprocessing = 0;
		};
/* End PBXFrameworksBuildPhase section */

/* Begin PBXGroup section */
		A00000000000000000000040 = {
			isa = PBXGroup;
			children = (
				A00000000000000000000041 /* Mahu */,
				A00000000000000000000042 /* MahuTests */,
				A00000000000000000000043 /* Frameworks */,
				A00000000000000000000044 /* Products */,
			);
			sourceTree = "<group>";
		};
		A00000000000000000000041 /* Mahu */ = {
			isa = PBXGroup;
			path = Mahu;
			sourceTree = "<group>";
			children = (
				A00000000000000000000001 /* MahuApp.swift */,
				A00000000000000000000002 /* AppDelegate.swift */,
				A0000000000000000000000D /* AppCoordinator.swift */,
				A0000000000000000000005B /* AppCoordinatorSupport.swift */,
				A000000000000000000000CD /* IdleAwayReconciliationPolicy.swift */,
				A000000000000000000000B4 /* LaunchAtLoginController.swift */,
				A000000000000000000000B0 /* LaunchAtLoginSettingsStore.swift */,
				A000000000000000000000A6 /* SleepWakeObservation.swift */,
				A000000000000000000000C9 /* UserIdleTimeProvider.swift */,
				A00000000000000000000056 /* BreakCompletionSoundPlayer.swift */,
				A00000000000000000000008 /* AppConfig.swift */,
				A00000000000000000000009 /* ConfigStore.swift */,
				A000000000000000000000BD /* ConfigJSONPreprocessor.swift */,
				A00000000000000000000095 /* StatusDisplayFormatter.swift */,
				A0000000000000000000000B /* BreakTimer.swift */,
				A00000000000000000000012 /* BreakOverlayView.swift */,
				A00000000000000000000013 /* BreakOverlayManager.swift */,
				A0000000000000000000001D /* BreakScreenObservation.swift */,
					A0000000000000000000001F /* BreakOverlaySupport.swift */,
					A0000000000000000000000E /* StatusItemController.swift */,
					A00000000000000000000047 /* PrivacyInfo.xcprivacy */,
					A00000000000000000000046 /* Assets.xcassets */,
					A00000000000000000000045 /* Resources */,
					A00000000000000000000005 /* Info.plist */,
				);
		};
		A00000000000000000000045 /* Resources */ = {
			isa = PBXGroup;
			path = Resources;
			sourceTree = "<group>";
			children = (
				A0000000000000000000001A /* background.png */,
				A00000000000000000000054 /* break-completion.caf */,
			);
		};
		A00000000000000000000042 /* MahuTests */ = {
			isa = PBXGroup;
			path = MahuTests;
			sourceTree = "<group>";
			children = (
				A00000000000000000000003 /* SmokeTests.swift */,
				A0000000000000000000000F /* AppCoordinatorTests.swift */,
				A0000000000000000000005A /* AppCoordinatorBreakSoundTests.swift */,
					A00000000000000000000058 /* BreakCompletionSoundPlayerTests.swift */,
					A0000000000000000000004C /* AppCoordinatorReminderPauseTests.swift */,
				A0000000000000000000001C /* AppCoordinatorBreakPresentationTests.swift */,
				A000000000000000000000A0 /* AppCoordinatorRuntimeSettingsTests.swift */,
				A000000000000000000000A3 /* AppCoordinatorRuntimeSettingsRegressionTests.swift */,
				A000000000000000000000C5 /* AppCoordinatorStatusItemRuntimeResetTests.swift */,
				A000000000000000000000D3 /* AppCoordinatorStatusItemRecoveryBaselineTests.swift */,
				A000000000000000000000C7 /* AppCoordinatorStatusItemRuntimeVisibilityResetTests.swift */,
				A0000000000000000000009A /* AppCoordinatorStatusItemDisplayTests.swift */,
					A0000000000000000000009C /* AppCoordinatorStatusItemPauseResumeTests.swift */,
					A00000000000000000000016 /* AppCoordinatorTestSupport.swift */,
					A0000000000000000000000A /* ConfigStoreTests.swift */,
					A000000000000000000000BB /* ConfigStoreJSONCTests.swift */,
					A000000000000000000000BF /* ConfigStoreJSONCEdgeCaseTests.swift */,
					A0000000000000000000005E /* ConfigStoreSizeLimitTests.swift */,
					A0000000000000000000009E /* ConfigStorePersistenceTests.swift */,
					A000000000000000000000A4 /* RuntimeSettingsStoreTests.swift */,
				A000000000000000000000B6 /* LaunchAtLoginControllerTests.swift */,
				A000000000000000000000B2 /* LaunchAtLoginSettingsStoreTests.swift */,
				A000000000000000000000B8 /* AppCoordinatorLaunchAtLoginRuntimeSettingsTests.swift */,
					A000000000000000000000A8 /* FakeSleepWakeObserverRegistrarTests.swift */,
					A000000000000000000000AC /* AppCoordinatorSleepWakeAccountingTests.swift */,
				A000000000000000000000AF /* AppCoordinatorSleepWakeRuntimeSettingsRegressionTests.swift */,
				A000000000000000000000CB /* UserIdleTimeProviderTests.swift */,
				A000000000000000000000CF /* IdleAwayReconciliationPolicyTests.swift */,
				A000000000000000000000D5 /* AppCoordinatorIdleAwayResetTests.swift */,
				A000000000000000000000D1 /* AppCoordinatorIdleAwayPhaseBehaviorTests.swift */,
				A000000000000000000000D7 /* ConfigStoreIdleAwaySettingsTests.swift */,
				A00000000000000000000093 /* ConfigStoreStatusItemTimerTests.swift */,
				A00000000000000000000097 /* StatusDisplayFormatterTests.swift */,
				A0000000000000000000000C /* BreakTimerTests.swift */,
					A00000000000000000000017 /* BreakOverlayTestSupport.swift */,
					A00000000000000000000014 /* BreakOverlayManagerTests.swift */,
					A00000000000000000000048 /* BreakOverlayDisplayVisibilityTests.swift */,
					A00000000000000000000018 /* BreakOverlayFocusRetentionTests.swift */,
					A0000000000000000000001B /* LiveBreakFocusObservationRegistrarTests.swift */,
					A0000000000000000000001E /* LiveBreakScreenObservationRegistrarTests.swift */,
					A000000000000000000000AA /* LiveSleepWakeObservationRegistrarTests.swift */,
					A00000000000000000000019 /* BreakOverlayViewTests.swift */,
					A0000000000000000000004B /* TrayIconAssetTests.swift */,
				A0000000000000000000004E /* StatusItemMenuAcceptanceTests.swift */,
				A00000000000000000000015 /* StatusItemControllerTests.swift */,
				A00000000000000000000098 /* StatusItemTimerDisplayTests.swift */,
				A000000000000000000000C1 /* StatusItemTimerAnchorTests.swift */,
				A000000000000000000000C3 /* StatusItemBehaviorRegressionTests.swift */,
			);
		};
		A00000000000000000000043 /* Frameworks */ = {
			isa = PBXGroup;
			children = (
				A00000000000000000000004 /* XCTest.framework */,
			);
			name = Frameworks;
			sourceTree = "<group>";
		};
		A00000000000000000000044 /* Products */ = {
			isa = PBXGroup;
			children = (
				A00000000000000000000006 /* Mahu.app */,
				A00000000000000000000007 /* MahuTests.xctest */,
			);
			name = Products;
			sourceTree = "<group>";
		};
/* End PBXGroup section */

/* Begin PBXTargetDependency section */
		A00000000000000000000091 /* PBXTargetDependency */ = {
			isa = PBXTargetDependency;
			target = A00000000000000000000010 /* Mahu */;
			targetProxy = A00000000000000000000090 /* PBXContainerItemProxy */;
		};
/* End PBXTargetDependency section */

/* Begin PBXNativeTarget section */
		A00000000000000000000010 /* Mahu */ = {
			isa = PBXNativeTarget;
			buildConfigurationList = A00000000000000000000060 /* Build configuration list for PBXNativeTarget "Mahu" */;
			buildPhases = (
				A00000000000000000000050 /* Sources */,
				A00000000000000000000030 /* Frameworks */,
				A00000000000000000000052 /* Resources */,
			);
			buildRules = (
			);
			dependencies = (
			);
			name = Mahu;
			productName = Mahu;
			productReference = A00000000000000000000006 /* Mahu.app */;
			productType = "com.apple.product-type.application";
		};
		A00000000000000000000011 /* MahuTests */ = {
			isa = PBXNativeTarget;
			buildConfigurationList = A00000000000000000000061 /* Build configuration list for PBXNativeTarget "MahuTests" */;
			buildPhases = (
				A00000000000000000000051 /* Sources */,
				A00000000000000000000031 /* Frameworks */,
			);
			buildRules = (
			);
			dependencies = (
				A00000000000000000000091 /* PBXTargetDependency */,
			);
			name = MahuTests;
			productName = MahuTests;
			productReference = A00000000000000000000007 /* MahuTests.xctest */;
			productType = "com.apple.product-type.bundle.unit-test";
		};
/* End PBXNativeTarget section */

/* Begin PBXProject section */
		A00000000000000000000070 /* Project object */ = {
			isa = PBXProject;
			attributes = {
				BuildIndependentTargetsInParallel = 1;
				LastSwiftUpdateCheck = 2600;
				LastUpgradeCheck = 2600;
				TargetAttributes = {
					A00000000000000000000010 = {
						CreatedOnToolsVersion = 26.0;
					};
					A00000000000000000000011 = {
						CreatedOnToolsVersion = 26.0;
						TestTargetID = A00000000000000000000010;
					};
				};
			};
			buildConfigurationList = A00000000000000000000062 /* Build configuration list for PBXProject "Mahu" */;
			compatibilityVersion = "Xcode 16.0";
			developmentRegion = en;
			hasScannedForEncodings = 0;
			knownRegions = (
				en,
				Base,
			);
			mainGroup = A00000000000000000000040;
			minimizedProjectReferenceProxies = 1;
			preferredProjectObjectVersion = 77;
			productRefGroup = A00000000000000000000044 /* Products */;
			projectDirPath = "";
			projectRoot = "";
			targets = (
				A00000000000000000000010 /* Mahu */,
				A00000000000000000000011 /* MahuTests */,
			);
		};
/* End PBXProject section */

/* Begin PBXResourcesBuildPhase section */
		A00000000000000000000052 /* Resources */ = {
			isa = PBXResourcesBuildPhase;
			buildActionMask = 2147483647;
				files = (
				A0000000000000000000003C /* Assets.xcassets in Resources */,
				A00000000000000000000036 /* background.png in Resources */,
				A0000000000000000000003D /* PrivacyInfo.xcprivacy in Resources */,
				A00000000000000000000053 /* break-completion.caf in Resources */,
			);
				runOnlyForDeploymentPostprocessing = 0;
			};
/* End PBXResourcesBuildPhase section */

/* Begin PBXSourcesBuildPhase section */
		A00000000000000000000050 /* Sources */ = {
			isa = PBXSourcesBuildPhase;
			buildActionMask = 2147483647;
			files = (
				A00000000000000000000020 /* MahuApp.swift in Sources */,
				A00000000000000000000021 /* AppDelegate.swift in Sources */,
				A00000000000000000000029 /* AppCoordinator.swift in Sources */,
				A0000000000000000000005C /* AppCoordinatorSupport.swift in Sources */,
				A000000000000000000000CC /* IdleAwayReconciliationPolicy.swift in Sources */,
				A000000000000000000000B5 /* LaunchAtLoginController.swift in Sources */,
				A000000000000000000000B1 /* LaunchAtLoginSettingsStore.swift in Sources */,
				A000000000000000000000A7 /* SleepWakeObservation.swift in Sources */,
				A000000000000000000000C8 /* UserIdleTimeProvider.swift in Sources */,
				A00000000000000000000055 /* BreakCompletionSoundPlayer.swift in Sources */,
				A00000000000000000000024 /* AppConfig.swift in Sources */,
				A00000000000000000000025 /* ConfigStore.swift in Sources */,
				A000000000000000000000BC /* ConfigJSONPreprocessor.swift in Sources */,
				A00000000000000000000094 /* StatusDisplayFormatter.swift in Sources */,
				A00000000000000000000027 /* BreakTimer.swift in Sources */,
				A0000000000000000000002C /* BreakOverlayView.swift in Sources */,
				A0000000000000000000002D /* BreakOverlayManager.swift in Sources */,
				A00000000000000000000039 /* BreakScreenObservation.swift in Sources */,
				A0000000000000000000003B /* BreakOverlaySupport.swift in Sources */,
				A0000000000000000000002A /* StatusItemController.swift in Sources */,
			);
			runOnlyForDeploymentPostprocessing = 0;
		};
		A00000000000000000000051 /* Sources */ = {
			isa = PBXSourcesBuildPhase;
			buildActionMask = 2147483647;
			files = (
				A00000000000000000000022 /* SmokeTests.swift in Sources */,
				A0000000000000000000002B /* AppCoordinatorTests.swift in Sources */,
					A00000000000000000000059 /* AppCoordinatorBreakSoundTests.swift in Sources */,
					A00000000000000000000057 /* BreakCompletionSoundPlayerTests.swift in Sources */,
					A0000000000000000000004D /* AppCoordinatorReminderPauseTests.swift in Sources */,
				A00000000000000000000038 /* AppCoordinatorBreakPresentationTests.swift in Sources */,
				A000000000000000000000A1 /* AppCoordinatorRuntimeSettingsTests.swift in Sources */,
				A000000000000000000000A2 /* AppCoordinatorRuntimeSettingsRegressionTests.swift in Sources */,
				A000000000000000000000C4 /* AppCoordinatorStatusItemRuntimeResetTests.swift in Sources */,
				A000000000000000000000D2 /* AppCoordinatorStatusItemRecoveryBaselineTests.swift in Sources */,
				A000000000000000000000C6 /* AppCoordinatorStatusItemRuntimeVisibilityResetTests.swift in Sources */,
				A0000000000000000000009B /* AppCoordinatorStatusItemDisplayTests.swift in Sources */,
					A0000000000000000000009D /* AppCoordinatorStatusItemPauseResumeTests.swift in Sources */,
					A00000000000000000000032 /* AppCoordinatorTestSupport.swift in Sources */,
					A00000000000000000000033 /* BreakOverlayTestSupport.swift in Sources */,
					A00000000000000000000026 /* ConfigStoreTests.swift in Sources */,
					A000000000000000000000BA /* ConfigStoreJSONCTests.swift in Sources */,
					A000000000000000000000BE /* ConfigStoreJSONCEdgeCaseTests.swift in Sources */,
					A0000000000000000000005D /* ConfigStoreSizeLimitTests.swift in Sources */,
					A0000000000000000000009F /* ConfigStorePersistenceTests.swift in Sources */,
					A000000000000000000000A5 /* RuntimeSettingsStoreTests.swift in Sources */,
				A000000000000000000000B7 /* LaunchAtLoginControllerTests.swift in Sources */,
				A000000000000000000000B3 /* LaunchAtLoginSettingsStoreTests.swift in Sources */,
				A000000000000000000000B9 /* AppCoordinatorLaunchAtLoginRuntimeSettingsTests.swift in Sources */,
					A000000000000000000000A9 /* FakeSleepWakeObserverRegistrarTests.swift in Sources */,
					A000000000000000000000AD /* AppCoordinatorSleepWakeAccountingTests.swift in Sources */,
				A000000000000000000000AE /* AppCoordinatorSleepWakeRuntimeSettingsRegressionTests.swift in Sources */,
				A000000000000000000000CA /* UserIdleTimeProviderTests.swift in Sources */,
				A000000000000000000000CE /* IdleAwayReconciliationPolicyTests.swift in Sources */,
				A000000000000000000000D4 /* AppCoordinatorIdleAwayResetTests.swift in Sources */,
				A000000000000000000000D0 /* AppCoordinatorIdleAwayPhaseBehaviorTests.swift in Sources */,
				A000000000000000000000D6 /* ConfigStoreIdleAwaySettingsTests.swift in Sources */,
				A00000000000000000000092 /* ConfigStoreStatusItemTimerTests.swift in Sources */,
				A00000000000000000000096 /* StatusDisplayFormatterTests.swift in Sources */,
				A00000000000000000000028 /* BreakTimerTests.swift in Sources */,
					A0000000000000000000002E /* BreakOverlayManagerTests.swift in Sources */,
					A00000000000000000000049 /* BreakOverlayDisplayVisibilityTests.swift in Sources */,
					A00000000000000000000034 /* BreakOverlayFocusRetentionTests.swift in Sources */,
					A00000000000000000000037 /* LiveBreakFocusObservationRegistrarTests.swift in Sources */,
					A0000000000000000000003A /* LiveBreakScreenObservationRegistrarTests.swift in Sources */,
					A000000000000000000000AB /* LiveSleepWakeObservationRegistrarTests.swift in Sources */,
				A00000000000000000000035 /* BreakOverlayViewTests.swift in Sources */,
				A0000000000000000000004A /* TrayIconAssetTests.swift in Sources */,
				A0000000000000000000004F /* StatusItemMenuAcceptanceTests.swift in Sources */,
				A0000000000000000000002F /* StatusItemControllerTests.swift in Sources */,
				A00000000000000000000099 /* StatusItemTimerDisplayTests.swift in Sources */,
				A000000000000000000000C0 /* StatusItemTimerAnchorTests.swift in Sources */,
				A000000000000000000000C2 /* StatusItemBehaviorRegressionTests.swift in Sources */,
			);
			runOnlyForDeploymentPostprocessing = 0;
		};
/* End PBXSourcesBuildPhase section */

/* Begin XCBuildConfiguration section */
		A00000000000000000000080 /* Debug */ = {
			isa = XCBuildConfiguration;
			buildSettings = {
				ALWAYS_SEARCH_USER_PATHS = NO;
				CLANG_ENABLE_MODULES = YES;
				CLANG_ENABLE_OBJC_ARC = YES;
				CLANG_WARN_DOCUMENTATION_COMMENTS = YES;
				CLANG_WARN_EMPTY_BODY = YES;
				CLANG_WARN_UNGUARDED_AVAILABILITY = YES_AGGRESSIVE;
				COPY_PHASE_STRIP = NO;
				DEBUG_INFORMATION_FORMAT = dwarf;
				ENABLE_STRICT_OBJC_MSGSEND = YES;
				ENABLE_TESTABILITY = YES;
				GCC_C_LANGUAGE_STANDARD = gnu17;
				GCC_DYNAMIC_NO_PIC = NO;
				GCC_NO_COMMON_BLOCKS = YES;
				GCC_OPTIMIZATION_LEVEL = 0;
				GCC_PREPROCESSOR_DEFINITIONS = (
					"DEBUG=1",
					"$(inherited)",
				);
				MACOSX_DEPLOYMENT_TARGET = 14.0;
				MTL_ENABLE_DEBUG_INFO = INCLUDE_SOURCE;
				ONLY_ACTIVE_ARCH = YES;
				SDKROOT = macosx;
				SWIFT_ACTIVE_COMPILATION_CONDITIONS = "DEBUG $(inherited)";
				SWIFT_OPTIMIZATION_LEVEL = "-Onone";
			};
			name = Debug;
		};
		A00000000000000000000081 /* Release */ = {
			isa = XCBuildConfiguration;
			buildSettings = {
				ALWAYS_SEARCH_USER_PATHS = NO;
				CLANG_ENABLE_MODULES = YES;
				CLANG_ENABLE_OBJC_ARC = YES;
				CLANG_WARN_DOCUMENTATION_COMMENTS = YES;
				CLANG_WARN_EMPTY_BODY = YES;
				CLANG_WARN_UNGUARDED_AVAILABILITY = YES_AGGRESSIVE;
				COPY_PHASE_STRIP = NO;
				DEBUG_INFORMATION_FORMAT = "dwarf-with-dsym";
				ENABLE_NS_ASSERTIONS = NO;
				ENABLE_STRICT_OBJC_MSGSEND = YES;
				GCC_C_LANGUAGE_STANDARD = gnu17;
				GCC_NO_COMMON_BLOCKS = YES;
				MACOSX_DEPLOYMENT_TARGET = 14.0;
				MTL_ENABLE_DEBUG_INFO = NO;
				SDKROOT = macosx;
				SWIFT_COMPILATION_MODE = wholemodule;
				VALIDATE_PRODUCT = YES;
			};
			name = Release;
		};
		A00000000000000000000082 /* Debug */ = {
			isa = XCBuildConfiguration;
			buildSettings = {
				ASSETCATALOG_COMPILER_APPICON_NAME = AppIcon;
				CODE_SIGN_STYLE = Automatic;
				CURRENT_PROJECT_VERSION = 1;
				ENABLE_HARDENED_RUNTIME = YES;
				GENERATE_INFOPLIST_FILE = NO;
				INFOPLIST_FILE = Mahu/Info.plist;
				LD_RUNPATH_SEARCH_PATHS = (
					"$(inherited)",
					"@executable_path/../Frameworks",
				);
				MACOSX_DEPLOYMENT_TARGET = 14.0;
				MARKETING_VERSION = 1.0;
				PRODUCT_BUNDLE_IDENTIFIER = com.example.Mahu;
				PRODUCT_NAME = "$(TARGET_NAME)";
				SDKROOT = macosx;
				SUPPORTED_PLATFORMS = macosx;
				SWIFT_EMIT_LOC_STRINGS = YES;
				SWIFT_VERSION = 5.0;
			};
			name = Debug;
		};
		A00000000000000000000083 /* Release */ = {
			isa = XCBuildConfiguration;
			buildSettings = {
				ASSETCATALOG_COMPILER_APPICON_NAME = AppIcon;
				CODE_SIGN_STYLE = Automatic;
				CURRENT_PROJECT_VERSION = 1;
				ENABLE_HARDENED_RUNTIME = YES;
				GENERATE_INFOPLIST_FILE = NO;
				INFOPLIST_FILE = Mahu/Info.plist;
				LD_RUNPATH_SEARCH_PATHS = (
					"$(inherited)",
					"@executable_path/../Frameworks",
				);
				MACOSX_DEPLOYMENT_TARGET = 14.0;
				MARKETING_VERSION = 1.0;
				PRODUCT_BUNDLE_IDENTIFIER = com.example.Mahu;
				PRODUCT_NAME = "$(TARGET_NAME)";
				SDKROOT = macosx;
				SUPPORTED_PLATFORMS = macosx;
				SWIFT_EMIT_LOC_STRINGS = YES;
				SWIFT_VERSION = 5.0;
			};
			name = Release;
		};
		A00000000000000000000084 /* Debug */ = {
			isa = XCBuildConfiguration;
			buildSettings = {
				BUNDLE_LOADER = "$(TEST_HOST)";
				CODE_SIGN_STYLE = Automatic;
				CURRENT_PROJECT_VERSION = 1;
				GENERATE_INFOPLIST_FILE = YES;
				LD_RUNPATH_SEARCH_PATHS = (
					"$(inherited)",
					"@loader_path/../Frameworks",
				);
				MACOSX_DEPLOYMENT_TARGET = 14.0;
				MARKETING_VERSION = 1.0;
				PRODUCT_BUNDLE_IDENTIFIER = com.example.MahuTests;
				PRODUCT_NAME = "$(TARGET_NAME)";
				SDKROOT = macosx;
				SUPPORTED_PLATFORMS = macosx;
				SWIFT_VERSION = 5.0;
				TEST_HOST = "$(BUILT_PRODUCTS_DIR)/Mahu.app/Contents/MacOS/Mahu";
				TEST_TARGET_NAME = Mahu;
			};
			name = Debug;
		};
		A00000000000000000000085 /* Release */ = {
			isa = XCBuildConfiguration;
			buildSettings = {
				BUNDLE_LOADER = "$(TEST_HOST)";
				CODE_SIGN_STYLE = Automatic;
				CURRENT_PROJECT_VERSION = 1;
				GENERATE_INFOPLIST_FILE = YES;
				LD_RUNPATH_SEARCH_PATHS = (
					"$(inherited)",
					"@loader_path/../Frameworks",
				);
				MACOSX_DEPLOYMENT_TARGET = 14.0;
				MARKETING_VERSION = 1.0;
				PRODUCT_BUNDLE_IDENTIFIER = com.example.MahuTests;
				PRODUCT_NAME = "$(TARGET_NAME)";
				SDKROOT = macosx;
				SUPPORTED_PLATFORMS = macosx;
				SWIFT_VERSION = 5.0;
				TEST_HOST = "$(BUILT_PRODUCTS_DIR)/Mahu.app/Contents/MacOS/Mahu";
				TEST_TARGET_NAME = Mahu;
			};
			name = Release;
		};
/* End XCBuildConfiguration section */

/* Begin XCConfigurationList section */
		A00000000000000000000060 /* Build configuration list for PBXNativeTarget "Mahu" */ = {
			isa = XCConfigurationList;
			buildConfigurations = (
				A00000000000000000000082 /* Debug */,
				A00000000000000000000083 /* Release */,
			);
			defaultConfigurationIsVisible = 0;
			defaultConfigurationName = Release;
		};
		A00000000000000000000061 /* Build configuration list for PBXNativeTarget "MahuTests" */ = {
			isa = XCConfigurationList;
			buildConfigurations = (
				A00000000000000000000084 /* Debug */,
				A00000000000000000000085 /* Release */,
			);
			defaultConfigurationIsVisible = 0;
			defaultConfigurationName = Release;
		};
		A00000000000000000000062 /* Build configuration list for PBXProject "Mahu" */ = {
			isa = XCConfigurationList;
			buildConfigurations = (
				A00000000000000000000080 /* Debug */,
				A00000000000000000000081 /* Release */,
			);
			defaultConfigurationIsVisible = 0;
			defaultConfigurationName = Release;
		};
/* End XCConfigurationList section */
	};
	rootObject = A00000000000000000000070 /* Project object */;
}
